<?xml version="1.0" encoding="utf-8"?>
<Project ToolsVersion="4.0" xmlns="http://schemas.microsoft.com/developer/msbuild/2003">
  <ItemGroup>
    <Filter Include="Assets">
      <UniqueIdentifier>3667300b-2f33-4384-905e-ff0e075b0140</UniqueIdentifier>
      <Extensions>bmp;fbx;gif;jpg;jpeg;tga;tiff;tif;png</Extensions>
    </Filter>
    <Image Include="Assets\LockScreenLogo.scale-200.png">
      <Filter>Assets</Filter>
    </Image>
    <Image Include="Assets\SplashScreen.scale-200.png">
      <Filter>Assets</Filter>
    </Image>
    <Image Include="Assets\Square150x150Logo.scale-200.png">
      <Filter>Assets</Filter>
    </Image>
    <Image Include="Assets\Square44x44Logo.scale-200.png">
      <Filter>Assets</Filter>
    </Image>
    <Image Include="Assets\Square44x44Logo.targetsize-24_altform-unplated.png">
      <Filter>Assets</Filter>
    </Image>
    <Image Include="Assets\Wide310x150Logo.scale-200.png">
      <Filter>Assets</Filter>
    </Image>
  </ItemGroup>
  <ItemGroup>
    <Image Include="Assets\StoreLogo.png">
      <Filter>Assets</Filter>
    </Image>
  </ItemGroup>
  <ItemGroup>
    <AppxManifest Include="Package.appxmanifest" />
  </ItemGroup>
  <ItemGroup>
    <ClCompile Include="..\src\data.c" />
    <ClCompile Include="..\src\lighting.c" />
    <ClCompile Include="..\src\main.c" />
    <ClCompile Include="..\src\menu.c" />
    <ClCompile Include="..\src\midi.c" />
    <ClCompile Include="..\src\opl3.c" />
    <ClCompile Include="..\src\options.c" />
    <ClCompile Include="..\src\replay.c" />
    <ClCompile Include="..\src\screenshot.c" />
    <ClCompile Include="..\src\seg000.c" />
    <ClCompile Include="..\src\seg001.c" />
    <ClCompile Include="..\src\seg002.c" />
    <ClCompile Include="..\src\seg003.c" />
    <ClCompile Include="..\src\seg004.c" />
    <ClCompile Include="..\src\seg005.c" />
    <ClCompile Include="..\src\seg006.c" />
    <ClCompile Include="..\src\seg007.c" />
    <ClCompile Include="..\src\seg008.c" />
    <ClCompile Include="..\src\seg009.c" />
    <ClCompile Include="..\src\seqtbl.c" />
    <ClCompile Include="..\src\stb_vorbis.c" />
  </ItemGroup>
  <ItemGroup>
    <ClInclude Include="..\src\common.h" />
    <ClInclude Include="..\src\config.h" />
    <ClInclude Include="..\src\data.h" />
    <ClInclude Include="..\src\GPLv3.h" />
    <ClInclude Include="..\src\opl3.h" />
    <ClInclude Include="..\src\proto.h" />
    <ClInclude Include="..\src\types.h" />
  </ItemGroup>
</Project>