
Microsoft Visual Studio Solution File, Format Version 12.00
# Visual Studio Version 16
VisualStudioVersion = 16.0.31025.218
MinimumVisualStudioVersion = 10.0.40219.1
Project("{8BC9CEB8-8B4A-11D0-8D11-00A0C91BC942}") = "winrt", "winrt.vcxproj", "{3EA0E873-C79D-427A-94A0-76CACC6CD110}"
EndProject
Project("{8BC9CEB8-8B4A-11D0-8D11-00A0C91BC942}") = "SDL2-UWP", "Externals\SDL2\VisualC-WinRT\UWP_VS2015\SDL-UWP.vcxproj", "{89E9B32E-A86A-47C3-A948-D2B1622925CE}"
EndProject
Global
	GlobalSection(SolutionConfigurationPlatforms) = preSolution
		Debug|ARM = Debug|ARM
		Debug|ARM64 = Debug|ARM64
		Debug|x64 = Debug|x64
		Debug|x86 = Debug|x86
		Release|ARM = Release|ARM
		Release|ARM64 = Release|ARM64
		Release|x64 = Release|x64
		Release|x86 = Release|x86
	EndGlobalSection
	GlobalSection(ProjectConfigurationPlatforms) = postSolution
		{3EA0E873-C79D-427A-94A0-76CACC6CD110}.Debug|ARM.ActiveCfg = Debug|ARM
		{3EA0E873-C79D-427A-94A0-76CACC6CD110}.Debug|ARM.Build.0 = Debug|ARM
		{3EA0E873-C79D-427A-94A0-76CACC6CD110}.Debug|ARM.Deploy.0 = Debug|ARM
		{3EA0E873-C79D-427A-94A0-76CACC6CD110}.Debug|ARM64.ActiveCfg = Debug|ARM64
		{3EA0E873-C79D-427A-94A0-76CACC6CD110}.Debug|ARM64.Build.0 = Debug|ARM64
		{3EA0E873-C79D-427A-94A0-76CACC6CD110}.Debug|ARM64.Deploy.0 = Debug|ARM64
		{3EA0E873-C79D-427A-94A0-76CACC6CD110}.Debug|x64.ActiveCfg = Debug|x64
		{3EA0E873-C79D-427A-94A0-76CACC6CD110}.Debug|x64.Build.0 = Debug|x64
		{3EA0E873-C79D-427A-94A0-76CACC6CD110}.Debug|x64.Deploy.0 = Debug|x64
		{3EA0E873-C79D-427A-94A0-76CACC6CD110}.Debug|x86.ActiveCfg = Debug|Win32
		{3EA0E873-C79D-427A-94A0-76CACC6CD110}.Debug|x86.Build.0 = Debug|Win32
		{3EA0E873-C79D-427A-94A0-76CACC6CD110}.Debug|x86.Deploy.0 = Debug|Win32
		{3EA0E873-C79D-427A-94A0-76CACC6CD110}.Release|ARM.ActiveCfg = Release|ARM
		{3EA0E873-C79D-427A-94A0-76CACC6CD110}.Release|ARM.Build.0 = Release|ARM
		{3EA0E873-C79D-427A-94A0-76CACC6CD110}.Release|ARM.Deploy.0 = Release|ARM
		{3EA0E873-C79D-427A-94A0-76CACC6CD110}.Release|ARM64.ActiveCfg = Release|ARM64
		{3EA0E873-C79D-427A-94A0-76CACC6CD110}.Release|ARM64.Build.0 = Release|ARM64
		{3EA0E873-C79D-427A-94A0-76CACC6CD110}.Release|ARM64.Deploy.0 = Release|ARM64
		{3EA0E873-C79D-427A-94A0-76CACC6CD110}.Release|x64.ActiveCfg = Release|x64
		{3EA0E873-C79D-427A-94A0-76CACC6CD110}.Release|x64.Build.0 = Release|x64
		{3EA0E873-C79D-427A-94A0-76CACC6CD110}.Release|x64.Deploy.0 = Release|x64
		{3EA0E873-C79D-427A-94A0-76CACC6CD110}.Release|x86.ActiveCfg = Release|Win32
		{3EA0E873-C79D-427A-94A0-76CACC6CD110}.Release|x86.Build.0 = Release|Win32
		{3EA0E873-C79D-427A-94A0-76CACC6CD110}.Release|x86.Deploy.0 = Release|Win32
		{89E9B32E-A86A-47C3-A948-D2B1622925CE}.Debug|ARM.ActiveCfg = Debug|ARM
		{89E9B32E-A86A-47C3-A948-D2B1622925CE}.Debug|ARM.Build.0 = Debug|ARM
		{89E9B32E-A86A-47C3-A948-D2B1622925CE}.Debug|ARM64.ActiveCfg = Debug|Win32
		{89E9B32E-A86A-47C3-A948-D2B1622925CE}.Debug|x64.ActiveCfg = Debug|x64
		{89E9B32E-A86A-47C3-A948-D2B1622925CE}.Debug|x64.Build.0 = Debug|x64
		{89E9B32E-A86A-47C3-A948-D2B1622925CE}.Debug|x86.ActiveCfg = Debug|Win32
		{89E9B32E-A86A-47C3-A948-D2B1622925CE}.Debug|x86.Build.0 = Debug|Win32
		{89E9B32E-A86A-47C3-A948-D2B1622925CE}.Release|ARM.ActiveCfg = Release|ARM
		{89E9B32E-A86A-47C3-A948-D2B1622925CE}.Release|ARM.Build.0 = Release|ARM
		{89E9B32E-A86A-47C3-A948-D2B1622925CE}.Release|ARM64.ActiveCfg = Release|Win32
		{89E9B32E-A86A-47C3-A948-D2B1622925CE}.Release|x64.ActiveCfg = Release|x64
		{89E9B32E-A86A-47C3-A948-D2B1622925CE}.Release|x64.Build.0 = Release|x64
		{89E9B32E-A86A-47C3-A948-D2B1622925CE}.Release|x86.ActiveCfg = Release|Win32
		{89E9B32E-A86A-47C3-A948-D2B1622925CE}.Release|x86.Build.0 = Release|Win32
	EndGlobalSection
	GlobalSection(SolutionProperties) = preSolution
		HideSolutionNode = FALSE
	EndGlobalSection
	GlobalSection(ExtensibilityGlobals) = postSolution
		SolutionGuid = {75410AB7-FC77-4205-A696-160A72CC9BDB}
	EndGlobalSection
EndGlobal
